
Microsoft Visual Studio Solution File, Format Version 12.00
# Visual Studio Version 18
VisualStudioVersion = 18.3.11527.330 d18.3
MinimumVisualStudioVersion = 10.0.40219.1
Project("{FAE04EC0-301F-11D3-BF4B-00C04F79EFBC}") = "SimpleTable", "SimpleTable\SimpleTable.csproj", "{B5CCF08D-800F-1679-7A3D-C0981641253E}"
EndProject
Project("{FAE04EC0-301F-11D3-BF4B-00C04F79EFBC}") = "SimpleTable.Tests", "SimpleTable.Tests\SimpleTable.Tests.csproj", "{254C521E-A942-BB7C-A52C-C566076EB583}"
EndProject
Global
	GlobalSection(SolutionConfigurationPlatforms) = preSolution
		Debug|Any CPU = Debug|Any CPU
		Release|Any CPU = Release|Any CPU
	EndGlobalSection
	GlobalSection(ProjectConfigurationPlatforms) = postSolution
		{B5CCF08D-800F-1679-7A3D-C0981641253E}.Debug|Any CPU.ActiveCfg = Debug|Any CPU
		{B5CCF08D-800F-1679-7A3D-C0981641253E}.Debug|Any CPU.Build.0 = Debug|Any CPU
		{B5CCF08D-800F-1679-7A3D-C0981641253E}.Release|Any CPU.ActiveCfg = Release|Any CPU
		{B5CCF08D-800F-1679-7A3D-C0981641253E}.Release|Any CPU.Build.0 = Release|Any CPU
		{254C521E-A942-BB7C-A52C-C566076EB583}.Debug|Any CPU.ActiveCfg = Debug|Any CPU
		{254C521E-A942-BB7C-A52C-C566076EB583}.Debug|Any CPU.Build.0 = Debug|Any CPU
		{254C521E-A942-BB7C-A52C-C566076EB583}.Release|Any CPU.ActiveCfg = Release|Any CPU
		{254C521E-A942-BB7C-A52C-C566076EB583}.Release|Any CPU.Build.0 = Release|Any CPU
	EndGlobalSection
	GlobalSection(SolutionProperties) = preSolution
		HideSolutionNode = FALSE
	EndGlobalSection
	GlobalSection(ExtensibilityGlobals) = postSolution
		SolutionGuid = {6643245C-1BFD-4ADD-A3DB-DC2D30D0EBBD}
	EndGlobalSection
EndGlobal
